// !$*UTF8*$!
{
	archiveVersion = 1;
	classes = {
	};
	objectVersion = 46;
	objects = {

/* Begin PBXBuildFile section */
		D8A545091D6CBA5400BB099D /* AppDelegate.swift in Sources */ = {isa = PBXBuildFile; fileRef = D8A545081D6CBA5400BB099D /* AppDelegate.swift */; };
		D8A5450B1D6CBA5400BB099D /* GameScene.sks in Resources */ = {isa = PBXBuildFile; fileRef = D8A5450A1D6CBA5400BB099D /* GameScene.sks */; };
		D8A5450D1D6CBA5400BB099D /* GameScene.swift in Sources */ = {isa = PBXBuildFile; fileRef = D8A5450C1D6CBA5400BB099D /* GameScene.swift */; };
		D8A5450F1D6CBA5400BB099D /* GameViewController.swift in Sources */ = {isa = PBXBuildFile; fileRef = D8A5450E1D6CBA5400BB099D /* GameViewController.swift */; };
		D8A545121D6CBA5400BB099D /* Main.storyboard in Resources */ = {isa = PBXBuildFile; fileRef = D8A545101D6CBA5400BB099D /* Main.storyboard */; };
		D8A545141D6CBA5400BB099D /* Assets.xcassets in Resources */ = {isa = PBXBuildFile; fileRef = D8A545131D6CBA5400BB099D /* Assets.xcassets */; };
		D8A545171D6CBA5400BB099D /* LaunchScreen.storyboard in Resources */ = {isa = PBXBuildFile; fileRef = D8A545151D6CBA5400BB099D /* LaunchScreen.storyboard */; };
/* End PBXBuildFile section */

/* Begin PBXFileReference section */
		D8A545051D6CBA5400BB099D /* ClosuresExample2.app */ = {isa = PBXFileReference; explicitFileType = wrapper.application; includeInIndex = 0; path = ClosuresExample2.app; sourceTree = BUILT_PRODUCTS_DIR; };
		D8A545081D6CBA5400BB099D /* AppDelegate.swift */ = {isa = PBXFileReference; lastKnownFileType = sourcecode.swift; path = AppDelegate.swift; sourceTree = "<group>"; };
		D8A5450A1D6CBA5400BB099D /* GameScene.sks */ = {isa = PBXFileReference; lastKnownFileType = file.sks; path = GameScene.sks; sourceTree = "<group>"; };
		D8A5450C1D6CBA5400BB099D /* GameScene.swift */ = {isa = PBXFileReference; lastKnownFileType = sourcecode.swift; path = GameScene.swift; sourceTree = "<group>"; };
		D8A5450E1D6CBA5400BB099D /* GameViewController.swift */ = {isa = PBXFileReference; lastKnownFileType = sourcecode.swift; path = GameViewController.swift; sourceTree = "<group>"; };
		D8A545111D6CBA5400BB099D /* Base */ = {isa = PBXFileReference; lastKnownFileType = file.storyboard; name = Base; path = Base.lproj/Main.storyboard; sourceTree = "<group>"; };
		D8A545131D6CBA5400BB099D /* Assets.xcassets */ = {isa = PBXFileReference; lastKnownFileType = folder.assetcatalog; path = Assets.xcassets; sourceTree = "<group>"; };
		D8A545161D6CBA5400BB099D /* Base */ = {isa = PBXFileReference; lastKnownFileType = file.storyboard; name = Base; path = Base.lproj/LaunchScreen.storyboard; sourceTree = "<group>"; };
		D8A545181D6CBA5400BB099D /* Info.plist */ = {isa = PBXFileReference; lastKnownFileType = text.plist.xml; path = Info.plist; sourceTree = "<group>"; };
/* End PBXFileReference section */

/* Begin PBXFrameworksBuildPhase section */
		D8A545021D6CBA5400BB099D /* Frameworks */ = {
			isa = PBXFrameworksBuildPhase;
			buildActionMask = 2147483647;
			files = (
			);
			runOnlyForDeploymentPostprocessing = 0;
		};
/* End PBXFrameworksBuildPhase section */

/* Begin PBXGroup section */
		D8A544FC1D6CBA5400BB099D = {
			isa = PBXGroup;
			children = (
				D8A545071D6CBA5400BB099D /* ClosuresExample2 */,
				D8A545061D6CBA5400BB099D /* Products */,
			);
			sourceTree = "<group>";
		};
		D8A545061D6CBA5400BB099D /* Products */ = {
			isa = PBXGroup;
			children = (
				D8A545051D6CBA5400BB099D /* ClosuresExample2.app */,
			);
			name = Products;
			sourceTree = "<group>";
		};
		D8A545071D6CBA5400BB099D /* ClosuresExample2 */ = {
			isa = PBXGroup;
			children = (
				D8A545081D6CBA5400BB099D /* AppDelegate.swift */,
				D8A5450A1D6CBA5400BB099D /* GameScene.sks */,
				D8A5450C1D6CBA5400BB099D /* GameScene.swift */,
				D8A5450E1D6CBA5400BB099D /* GameViewController.swift */,
				D8A545101D6CBA5400BB099D /* Main.storyboard */,
				D8A545131D6CBA5400BB099D /* Assets.xcassets */,
				D8A545151D6CBA5400BB099D /* LaunchScreen.storyboard */,
				D8A545181D6CBA5400BB099D /* Info.plist */,
			);
			path = ClosuresExample2;
			sourceTree = "<group>";
		};
/* End PBXGroup section */

/* Begin PBXNativeTarget section */
		D8A545041D6CBA5400BB099D /* ClosuresExample2 */ = {
			isa = PBXNativeTarget;
			buildConfigurationList = D8A5451B1D6CBA5400BB099D /* Build configuration list for PBXNativeTarget "ClosuresExample2" */;
			buildPhases = (
				D8A545011D6CBA5400BB099D /* Sources */,
				D8A545021D6CBA5400BB099D /* Frameworks */,
				D8A545031D6CBA5400BB099D /* Resources */,
			);
			buildRules = (
			);
			dependencies = (
			);
			name = ClosuresExample2;
			productName = ClosuresExample2;
			productReference = D8A545051D6CBA5400BB099D /* ClosuresExample2.app */;
			productType = "com.apple.product-type.application";
		};
/* End PBXNativeTarget section */

/* Begin PBXProject section */
		D8A544FD1D6CBA5400BB099D /* Project object */ = {
			isa = PBXProject;
			attributes = {
				LastSwiftUpdateCheck = 0730;
				LastUpgradeCheck = 0730;
				ORGANIZATIONNAME = "Mitchell Hudson";
				TargetAttributes = {
					D8A545041D6CBA5400BB099D = {
						CreatedOnToolsVersion = 7.3.1;
					};
				};
			};
			buildConfigurationList = D8A545001D6CBA5400BB099D /* Build configuration list for PBXProject "ClosuresExample2" */;
			compatibilityVersion = "Xcode 3.2";
			developmentRegion = English;
			hasScannedForEncodings = 0;
			knownRegions = (
				en,
				Base,
			);
			mainGroup = D8A544FC1D6CBA5400BB099D;
			productRefGroup = D8A545061D6CBA5400BB099D /* Products */;
			projectDirPath = "";
			projectRoot = "";
			targets = (
				D8A545041D6CBA5400BB099D /* ClosuresExample2 */,
			);
		};
/* End PBXProject section */

/* Begin PBXResourcesBuildPhase section */
		D8A545031D6CBA5400BB099D /* Resources */ = {
			isa = PBXResourcesBuildPhase;
			buildActionMask = 2147483647;
			files = (
				D8A5450B1D6CBA5400BB099D /* GameScene.sks in Resources */,
				D8A545171D6CBA5400BB099D /* LaunchScreen.storyboard in Resources */,
				D8A545141D6CBA5400BB099D /* Assets.xcassets in Resources */,
				D8A545121D6CBA5400BB099D /* Main.storyboard in Resources */,
			);
			runOnlyForDeploymentPostprocessing = 0;
		};
/* End PBXResourcesBuildPhase section */

/* Begin PBXSourcesBuildPhase section */
		D8A545011D6CBA5400BB099D /* Sources */ = {
			isa = PBXSourcesBuildPhase;
			buildActionMask = 2147483647;
			files = (
				D8A5450D1D6CBA5400BB099D /* GameScene.swift in Sources */,
				D8A5450F1D6CBA5400BB099D /* GameViewController.swift in Sources */,
				D8A545091D6CBA5400BB099D /* AppDelegate.swift in Sources */,
			);
			runOnlyForDeploymentPostprocessing = 0;
		};
/* End PBXSourcesBuildPhase section */

/* Begin PBXVariantGroup section */
		D8A545101D6CBA5400BB099D /* Main.storyboard */ = {
			isa = PBXVariantGroup;
			children = (
				D8A545111D6CBA5400BB099D /* Base */,
			);
			name = Main.storyboard;
			sourceTree = "<group>";
		};
		D8A545151D6CBA5400BB099D /* LaunchScreen.storyboard */ = {
			isa = PBXVariantGroup;
			children = (
				D8A545161D6CBA5400BB099D /* Base */,
			);
			name = LaunchScreen.storyboard;
			sourceTree = "<group>";
		};
/* End PBXVariantGroup section */

/* Begin XCBuildConfiguration section */
		D8A545191D6CBA5400BB099D /* Debug */ = {
			isa = XCBuildConfiguration;
			buildSettings = {
				ALWAYS_SEARCH_USER_PATHS = NO;
				CLANG_ANALYZER_NONNULL = YES;
				CLANG_CXX_LANGUAGE_STANDARD = "gnu++0x";
				CLANG_CXX_LIBRARY = "libc++";
				CLANG_ENABLE_MODULES = YES;
				CLANG_ENABLE_OBJC_ARC = YES;
				CLANG_WARN_BOOL_CONVERSION = YES;
				CLANG_WARN_CONSTANT_CONVERSION = YES;
				CLANG_WARN_DIRECT_OBJC_ISA_USAGE = YES_ERROR;
				CLANG_WARN_EMPTY_BODY = YES;
				CLANG_WARN_ENUM_CONVERSION = YES;
				CLANG_WARN_INT_CONVERSION = YES;
				CLANG_WARN_OBJC_ROOT_CLASS = YES_ERROR;
				CLANG_WARN_UNREACHABLE_CODE = YES;
				CLANG_WARN__DUPLICATE_METHOD_MATCH = YES;
				"CODE_SIGN_IDENTITY[sdk=iphoneos*]" = "iPhone Developer";
				COPY_PHASE_STRIP = NO;
				DEBUG_INFORMATION_FORMAT = "dwarf-with-dsym";
				ENABLE_STRICT_OBJC_MSGSEND = YES;
				ENABLE_TESTABILITY = YES;
				GCC_C_LANGUAGE_STANDARD = gnu99;
				GCC_DYNAMIC_NO_PIC = NO;
				GCC_NO_COMMON_BLOCKS = YES;
				GCC_OPTIMIZATION_LEVEL = 0;
				GCC_PREPROCESSOR_DEFINITIONS = (
					"DEBUG=1",
					"$(inherited)",
				);
				GCC_WARN_64_TO_32_BIT_CONVERSION = YES;
				GCC_WARN_ABOUT_RETURN_TYPE = YES_ERROR;
				GCC_WARN_UNDECLARED_SELECTOR = YES;
				GCC_WARN_UNINITIALIZED_AUTOS = YES_AGGRESSIVE;
				GCC_WARN_UNUSED_FUNCTION = YES;
				GCC_WARN_UNUSED_VARIABLE = YES;
				IPHONEOS_DEPLOYMENT_TARGET = 9.3;
				MTL_ENABLE_DEBUG_INFO = YES;
				ONLY_ACTIVE_ARCH = YES;
				SDKROOT = iphoneos;
				SWIFT_OPTIMIZATION_LEVEL = "-Onone";
			};
			name = Debug;
		};
		D8A5451A1D6CBA5400BB099D /* Release */ = {
			isa = XCBuildConfiguration;
			buildSettings = {
				ALWAYS_SEARCH_USER_PATHS = NO;
				CLANG_ANALYZER_NONNULL = YES;
				CLANG_CXX_LANGUAGE_STANDARD = "gnu++0x";
				CLANG_CXX_LIBRARY = "libc++";
				CLANG_ENABLE_MODULES = YES;
				CLANG_ENABLE_OBJC_ARC = YES;
				CLANG_WARN_BOOL_CONVERSION = YES;
				CLANG_WARN_CONSTANT_CONVERSION = YES;
				CLANG_WARN_DIRECT_OBJC_ISA_USAGE = YES_ERROR;
				CLANG_WARN_EMPTY_BODY = YES;
				CLANG_WARN_ENUM_CONVERSION = YES;
				CLANG_WARN_INT_CONVERSION = YES;
				CLANG_WARN_OBJC_ROOT_CLASS = YES_ERROR;
				CLANG_WARN_UNREACHABLE_CODE = YES;
				CLANG_WARN__DUPLICATE_METHOD_MATCH = YES;
				"CODE_SIGN_IDENTITY[sdk=iphoneos*]" = "iPhone Developer";
				COPY_PHASE_STRIP = NO;
				DEBUG_INFORMATION_FORMAT = "dwarf-with-dsym";
				ENABLE_NS_ASSERTIONS = NO;
				ENABLE_STRICT_OBJC_MSGSEND = YES;
				GCC_C_LANGUAGE_STANDARD = gnu99;
				GCC_NO_COMMON_BLOCKS = YES;
				GCC_WARN_64_TO_32_BIT_CONVERSION = YES;
				GCC_WARN_ABOUT_RETURN_TYPE = YES_ERROR;
				GCC_WARN_UNDECLARED_SELECTOR = YES;
				GCC_WARN_UNINITIALIZED_AUTOS = YES_AGGRESSIVE;
				GCC_WARN_UNUSED_FUNCTION = YES;
				GCC_WARN_UNUSED_VARIABLE = YES;
				IPHONEOS_DEPLOYMENT_TARGET = 9.3;
				MTL_ENABLE_DEBUG_INFO = NO;
				SDKROOT = iphoneos;
				VALIDATE_PRODUCT = YES;
			};
			name = Release;
		};
		D8A5451C1D6CBA5400BB099D /* Debug */ = {
			isa = XCBuildConfiguration;
			buildSettings = {
				ASSETCATALOG_COMPILER_APPICON_NAME = AppIcon;
				INFOPLIST_FILE = ClosuresExample2/Info.plist;
				LD_RUNPATH_SEARCH_PATHS = "$(inherited) @executable_path/Frameworks";
				PRODUCT_BUNDLE_IDENTIFIER = com.webdevils.ClosuresExample2;
				PRODUCT_NAME = "$(TARGET_NAME)";
			};
			name = Debug;
		};
		D8A5451D1D6CBA5400BB099D /* Release */ = {
			isa = XCBuildConfiguration;
			buildSettings = {
				ASSETCATALOG_COMPILER_APPICON_NAME = AppIcon;
				INFOPLIST_FILE = ClosuresExample2/Info.plist;
				LD_RUNPATH_SEARCH_PATHS = "$(inherited) @executable_path/Frameworks";
				PRODUCT_BUNDLE_IDENTIFIER = com.webdevils.ClosuresExample2;
				PRODUCT_NAME = "$(TARGET_NAME)";
			};
			name = Release;
		};
/* End XCBuildConfiguration section */

/* Begin XCConfigurationList section */
		D8A545001D6CBA5400BB099D /* Build configuration list for PBXProject "ClosuresExample2" */ = {
			isa = XCConfigurationList;
			buildConfigurations = (
				D8A545191D6CBA5400BB099D /* Debug */,
				D8A5451A1D6CBA5400BB099D /* Release */,
			);
			defaultConfigurationIsVisible = 0;
			defaultConfigurationName = Release;
		};
		D8A5451B1D6CBA5400BB099D /* Build configuration list for PBXNativeTarget "ClosuresExample2" */ = {
			isa = XCConfigurationList;
			buildConfigurations = (
				D8A5451C1D6CBA5400BB099D /* Debug */,
				D8A5451D1D6CBA5400BB099D /* Release */,
			);
			defaultConfigurationIsVisible = 0;
		};
/* End XCConfigurationList section */
	};
	rootObject = D8A544FD1D6CBA5400BB099D /* Project object */;
}
